
Microsoft Visual Studio Solution File, Format Version 12.00
# Visual Studio Version 16
VisualStudioVersion = 16.0.29123.89
MinimumVisualStudioVersion = 15.0.26124.0
Project("{9A19103F-16F7-4668-BE54-9A1E7A4F7556}") = "Contoso.Spaces.Models", "Contoso.Spaces.Models\Contoso.Spaces.Models.csproj", "{D6B75267-9F01-4A70-82DF-BAE321AB4C0B}"
EndProject
Project("{9A19103F-16F7-4668-BE54-9A1E7A4F7556}") = "Contoso.Spaces.Data", "Contoso.Spaces.Data\Contoso.Spaces.Data.csproj", "{289FE65F-A8CC-47BC-B45A-E698D13F2763}"
EndProject
Project("{9A19103F-16F7-4668-BE54-9A1E7A4F7556}") = "Contoso.Spaces.Web", "Contoso.Spaces.Web\Contoso.Spaces.Web.csproj", "{384DF6E4-6114-4F2E-8D9A-86AC3205E4A8}"
EndProject
Project("{9A19103F-16F7-4668-BE54-9A1E7A4F7556}") = "Contoso.Spaces.Populate.Sql", "Contoso.Spaces.Populate.Sql\Contoso.Spaces.Populate.Sql.csproj", "{F4967D04-8669-475B-BEB7-AE95358CDFFC}"
EndProject
Project("{9A19103F-16F7-4668-BE54-9A1E7A4F7556}") = "Contoso.Spaces.Populate.Storage", "Contoso.Spaces.Populate.Storage\Contoso.Spaces.Populate.Storage.csproj", "{FB27FD17-AA28-475B-833F-3B3DF6AB299F}"
EndProject
Project("{9A19103F-16F7-4668-BE54-9A1E7A4F7556}") = "Contoso.Spaces.Api.Sql", "Contoso.Spaces.Api.Sql\Contoso.Spaces.Api.Sql.csproj", "{E59FBF02-C427-475B-A7C7-0F17A90FF75D}"
EndProject
Global
	GlobalSection(SolutionConfigurationPlatforms) = preSolution
		Debug|Any CPU = Debug|Any CPU
		Debug|x64 = Debug|x64
		Debug|x86 = Debug|x86
		Release|Any CPU = Release|Any CPU
		Release|x64 = Release|x64
		Release|x86 = Release|x86
	EndGlobalSection
	GlobalSection(ProjectConfigurationPlatforms) = postSolution
		{D6B75267-9F01-4A70-82DF-BAE321AB4C0B}.Debug|Any CPU.ActiveCfg = Debug|Any CPU
		{D6B75267-9F01-4A70-82DF-BAE321AB4C0B}.Debug|Any CPU.Build.0 = Debug|Any CPU
		{D6B75267-9F01-4A70-82DF-BAE321AB4C0B}.Debug|x64.ActiveCfg = Debug|Any CPU
		{D6B75267-9F01-4A70-82DF-BAE321AB4C0B}.Debug|x64.Build.0 = Debug|Any CPU
		{D6B75267-9F01-4A70-82DF-BAE321AB4C0B}.Debug|x86.ActiveCfg = Debug|Any CPU
		{D6B75267-9F01-4A70-82DF-BAE321AB4C0B}.Debug|x86.Build.0 = Debug|Any CPU
		{D6B75267-9F01-4A70-82DF-BAE321AB4C0B}.Release|Any CPU.ActiveCfg = Release|Any CPU
		{D6B75267-9F01-4A70-82DF-BAE321AB4C0B}.Release|Any CPU.Build.0 = Release|Any CPU
		{D6B75267-9F01-4A70-82DF-BAE321AB4C0B}.Release|x64.ActiveCfg = Release|Any CPU
		{D6B75267-9F01-4A70-82DF-BAE321AB4C0B}.Release|x64.Build.0 = Release|Any CPU
		{D6B75267-9F01-4A70-82DF-BAE321AB4C0B}.Release|x86.ActiveCfg = Release|Any CPU
		{D6B75267-9F01-4A70-82DF-BAE321AB4C0B}.Release|x86.Build.0 = Release|Any CPU
		{289FE65F-A8CC-47BC-B45A-E698D13F2763}.Debug|Any CPU.ActiveCfg = Debug|Any CPU
		{289FE65F-A8CC-47BC-B45A-E698D13F2763}.Debug|Any CPU.Build.0 = Debug|Any CPU
		{289FE65F-A8CC-47BC-B45A-E698D13F2763}.Debug|x64.ActiveCfg = Debug|Any CPU
		{289FE65F-A8CC-47BC-B45A-E698D13F2763}.Debug|x64.Build.0 = Debug|Any CPU
		{289FE65F-A8CC-47BC-B45A-E698D13F2763}.Debug|x86.ActiveCfg = Debug|Any CPU
		{289FE65F-A8CC-47BC-B45A-E698D13F2763}.Debug|x86.Build.0 = Debug|Any CPU
		{289FE65F-A8CC-47BC-B45A-E698D13F2763}.Release|Any CPU.ActiveCfg = Release|Any CPU
		{289FE65F-A8CC-47BC-B45A-E698D13F2763}.Release|Any CPU.Build.0 = Release|Any CPU
		{289FE65F-A8CC-47BC-B45A-E698D13F2763}.Release|x64.ActiveCfg = Release|Any CPU
		{289FE65F-A8CC-47BC-B45A-E698D13F2763}.Release|x64.Build.0 = Release|Any CPU
		{289FE65F-A8CC-47BC-B45A-E698D13F2763}.Release|x86.ActiveCfg = Release|Any CPU
		{289FE65F-A8CC-47BC-B45A-E698D13F2763}.Release|x86.Build.0 = Release|Any CPU
		{384DF6E4-6114-4F2E-8D9A-86AC3205E4A8}.Debug|Any CPU.ActiveCfg = Debug|Any CPU
		{384DF6E4-6114-4F2E-8D9A-86AC3205E4A8}.Debug|Any CPU.Build.0 = Debug|Any CPU
		{384DF6E4-6114-4F2E-8D9A-86AC3205E4A8}.Debug|x64.ActiveCfg = Debug|Any CPU
		{384DF6E4-6114-4F2E-8D9A-86AC3205E4A8}.Debug|x64.Build.0 = Debug|Any CPU
		{384DF6E4-6114-4F2E-8D9A-86AC3205E4A8}.Debug|x86.ActiveCfg = Debug|Any CPU
		{384DF6E4-6114-4F2E-8D9A-86AC3205E4A8}.Debug|x86.Build.0 = Debug|Any CPU
		{384DF6E4-6114-4F2E-8D9A-86AC3205E4A8}.Release|Any CPU.ActiveCfg = Release|Any CPU
		{384DF6E4-6114-4F2E-8D9A-86AC3205E4A8}.Release|Any CPU.Build.0 = Release|Any CPU
		{384DF6E4-6114-4F2E-8D9A-86AC3205E4A8}.Release|x64.ActiveCfg = Release|Any CPU
		{384DF6E4-6114-4F2E-8D9A-86AC3205E4A8}.Release|x64.Build.0 = Release|Any CPU
		{384DF6E4-6114-4F2E-8D9A-86AC3205E4A8}.Release|x86.ActiveCfg = Release|Any CPU
		{384DF6E4-6114-4F2E-8D9A-86AC3205E4A8}.Release|x86.Build.0 = Release|Any CPU
		{F4967D04-8669-475B-BEB7-AE95358CDFFC}.Debug|Any CPU.ActiveCfg = Debug|Any CPU
		{F4967D04-8669-475B-BEB7-AE95358CDFFC}.Debug|Any CPU.Build.0 = Debug|Any CPU
		{F4967D04-8669-475B-BEB7-AE95358CDFFC}.Debug|x64.ActiveCfg = Debug|Any CPU
		{F4967D04-8669-475B-BEB7-AE95358CDFFC}.Debug|x64.Build.0 = Debug|Any CPU
		{F4967D04-8669-475B-BEB7-AE95358CDFFC}.Debug|x86.ActiveCfg = Debug|Any CPU
		{F4967D04-8669-475B-BEB7-AE95358CDFFC}.Debug|x86.Build.0 = Debug|Any CPU
		{F4967D04-8669-475B-BEB7-AE95358CDFFC}.Release|Any CPU.ActiveCfg = Release|Any CPU
		{F4967D04-8669-475B-BEB7-AE95358CDFFC}.Release|Any CPU.Build.0 = Release|Any CPU
		{F4967D04-8669-475B-BEB7-AE95358CDFFC}.Release|x64.ActiveCfg = Release|Any CPU
		{F4967D04-8669-475B-BEB7-AE95358CDFFC}.Release|x64.Build.0 = Release|Any CPU
		{F4967D04-8669-475B-BEB7-AE95358CDFFC}.Release|x86.ActiveCfg = Release|Any CPU
		{F4967D04-8669-475B-BEB7-AE95358CDFFC}.Release|x86.Build.0 = Release|Any CPU
		{FB27FD17-AA28-475B-833F-3B3DF6AB299F}.Debug|Any CPU.ActiveCfg = Debug|Any CPU
		{FB27FD17-AA28-475B-833F-3B3DF6AB299F}.Debug|Any CPU.Build.0 = Debug|Any CPU
		{FB27FD17-AA28-475B-833F-3B3DF6AB299F}.Debug|x64.ActiveCfg = Debug|Any CPU
		{FB27FD17-AA28-475B-833F-3B3DF6AB299F}.Debug|x64.Build.0 = Debug|Any CPU
		{FB27FD17-AA28-475B-833F-3B3DF6AB299F}.Debug|x86.ActiveCfg = Debug|Any CPU
		{FB27FD17-AA28-475B-833F-3B3DF6AB299F}.Debug|x86.Build.0 = Debug|Any CPU
		{FB27FD17-AA28-475B-833F-3B3DF6AB299F}.Release|Any CPU.ActiveCfg = Release|Any CPU
		{FB27FD17-AA28-475B-833F-3B3DF6AB299F}.Release|Any CPU.Build.0 = Release|Any CPU
		{FB27FD17-AA28-475B-833F-3B3DF6AB299F}.Release|x64.ActiveCfg = Release|Any CPU
		{FB27FD17-AA28-475B-833F-3B3DF6AB299F}.Release|x64.Build.0 = Release|Any CPU
		{FB27FD17-AA28-475B-833F-3B3DF6AB299F}.Release|x86.ActiveCfg = Release|Any CPU
		{FB27FD17-AA28-475B-833F-3B3DF6AB299F}.Release|x86.Build.0 = Release|Any CPU
		{E59FBF02-C427-475B-A7C7-0F17A90FF75D}.Debug|Any CPU.ActiveCfg = Debug|Any CPU
		{E59FBF02-C427-475B-A7C7-0F17A90FF75D}.Debug|Any CPU.Build.0 = Debug|Any CPU
		{E59FBF02-C427-475B-A7C7-0F17A90FF75D}.Debug|x64.ActiveCfg = Debug|Any CPU
		{E59FBF02-C427-475B-A7C7-0F17A90FF75D}.Debug|x64.Build.0 = Debug|Any CPU
		{E59FBF02-C427-475B-A7C7-0F17A90FF75D}.Debug|x86.ActiveCfg = Debug|Any CPU
		{E59FBF02-C427-475B-A7C7-0F17A90FF75D}.Debug|x86.Build.0 = Debug|Any CPU
		{E59FBF02-C427-475B-A7C7-0F17A90FF75D}.Release|Any CPU.ActiveCfg = Release|Any CPU
		{E59FBF02-C427-475B-A7C7-0F17A90FF75D}.Release|Any CPU.Build.0 = Release|Any CPU
		{E59FBF02-C427-475B-A7C7-0F17A90FF75D}.Release|x64.ActiveCfg = Release|Any CPU
		{E59FBF02-C427-475B-A7C7-0F17A90FF75D}.Release|x64.Build.0 = Release|Any CPU
		{E59FBF02-C427-475B-A7C7-0F17A90FF75D}.Release|x86.ActiveCfg = Release|Any CPU
		{E59FBF02-C427-475B-A7C7-0F17A90FF75D}.Release|x86.Build.0 = Release|Any CPU
	EndGlobalSection
	GlobalSection(SolutionProperties) = preSolution
		HideSolutionNode = FALSE
	EndGlobalSection
	GlobalSection(ExtensibilityGlobals) = postSolution
		SolutionGuid = {45C9E978-B7BA-4F9D-8A8B-BD5BD83DB507}
	EndGlobalSection
EndGlobal
