
Microsoft Visual Studio Solution File, Format Version 12.00
# Visual Studio Version 16
VisualStudioVersion = 16.0.29123.89
MinimumVisualStudioVersion = 15.0.26124.0
Project("{FAE04EC0-301F-11D3-BF4B-00C04F79EFBC}") = "Contoso.Spaces.Populate", "Contoso.Spaces.Populate\Contoso.Spaces.Populate.csproj", "{C730B0C6-3CD8-41B0-8329-EC52840BDE12}"
EndProject
Project("{FAE04EC0-301F-11D3-BF4B-00C04F79EFBC}") = "Contoso.Spaces.Models", "Contoso.Spaces.Models\Contoso.Spaces.Models.csproj", "{D6B75267-9F01-4A70-82DF-BAE321AB4C0B}"
EndProject
Project("{FAE04EC0-301F-11D3-BF4B-00C04F79EFBC}") = "Contoso.Spaces.Data", "Contoso.Spaces.Data\Contoso.Spaces.Data.csproj", "{289FE65F-A8CC-47BC-B45A-E698D13F2763}"
EndProject
Project("{FAE04EC0-301F-11D3-BF4B-00C04F79EFBC}") = "Contoso.Spaces.Web", "Contoso.Spaces.Web\Contoso.Spaces.Web.csproj", "{384DF6E4-6114-4F2E-8D9A-86AC3205E4A8}"
EndProject
Project("{FAE04EC0-301F-11D3-BF4B-00C04F79EFBC}") = "Contoso.Spaces.Api", "Contoso.Spaces.Api\Contoso.Spaces.Api.csproj", "{C73656B2-E028-4F87-A513-7DDF486584B9}"
EndProject
Global
	GlobalSection(SolutionConfigurationPlatforms) = preSolution
		Debug|Any CPU = Debug|Any CPU
		Debug|x64 = Debug|x64
		Debug|x86 = Debug|x86
		Release|Any CPU = Release|Any CPU
		Release|x64 = Release|x64
		Release|x86 = Release|x86
	EndGlobalSection
	GlobalSection(ProjectConfigurationPlatforms) = postSolution
		{C730B0C6-3CD8-41B0-8329-EC52840BDE12}.Debug|Any CPU.ActiveCfg = Debug|Any CPU
		{C730B0C6-3CD8-41B0-8329-EC52840BDE12}.Debug|Any CPU.Build.0 = Debug|Any CPU
		{C730B0C6-3CD8-41B0-8329-EC52840BDE12}.Debug|x64.ActiveCfg = Debug|Any CPU
		{C730B0C6-3CD8-41B0-8329-EC52840BDE12}.Debug|x64.Build.0 = Debug|Any CPU
		{C730B0C6-3CD8-41B0-8329-EC52840BDE12}.Debug|x86.ActiveCfg = Debug|Any CPU
		{C730B0C6-3CD8-41B0-8329-EC52840BDE12}.Debug|x86.Build.0 = Debug|Any CPU
		{C730B0C6-3CD8-41B0-8329-EC52840BDE12}.Release|Any CPU.ActiveCfg = Release|Any CPU
		{C730B0C6-3CD8-41B0-8329-EC52840BDE12}.Release|Any CPU.Build.0 = Release|Any CPU
		{C730B0C6-3CD8-41B0-8329-EC52840BDE12}.Release|x64.ActiveCfg = Release|Any CPU
		{C730B0C6-3CD8-41B0-8329-EC52840BDE12}.Release|x64.Build.0 = Release|Any CPU
		{C730B0C6-3CD8-41B0-8329-EC52840BDE12}.Release|x86.ActiveCfg = Release|Any CPU
		{C730B0C6-3CD8-41B0-8329-EC52840BDE12}.Release|x86.Build.0 = Release|Any CPU
		{D6B75267-9F01-4A70-82DF-BAE321AB4C0B}.Debug|Any CPU.ActiveCfg = Debug|Any CPU
		{D6B75267-9F01-4A70-82DF-BAE321AB4C0B}.Debug|Any CPU.Build.0 = Debug|Any CPU
		{D6B75267-9F01-4A70-82DF-BAE321AB4C0B}.Debug|x64.ActiveCfg = Debug|Any CPU
		{D6B75267-9F01-4A70-82DF-BAE321AB4C0B}.Debug|x64.Build.0 = Debug|Any CPU
		{D6B75267-9F01-4A70-82DF-BAE321AB4C0B}.Debug|x86.ActiveCfg = Debug|Any CPU
		{D6B75267-9F01-4A70-82DF-BAE321AB4C0B}.Debug|x86.Build.0 = Debug|Any CPU
		{D6B75267-9F01-4A70-82DF-BAE321AB4C0B}.Release|Any CPU.ActiveCfg = Release|Any CPU
		{D6B75267-9F01-4A70-82DF-BAE321AB4C0B}.Release|Any CPU.Build.0 = Release|Any CPU
		{D6B75267-9F01-4A70-82DF-BAE321AB4C0B}.Release|x64.ActiveCfg = Release|Any CPU
		{D6B75267-9F01-4A70-82DF-BAE321AB4C0B}.Release|x64.Build.0 = Release|Any CPU
		{D6B75267-9F01-4A70-82DF-BAE321AB4C0B}.Release|x86.ActiveCfg = Release|Any CPU
		{D6B75267-9F01-4A70-82DF-BAE321AB4C0B}.Release|x86.Build.0 = Release|Any CPU
		{289FE65F-A8CC-47BC-B45A-E698D13F2763}.Debug|Any CPU.ActiveCfg = Debug|Any CPU
		{289FE65F-A8CC-47BC-B45A-E698D13F2763}.Debug|Any CPU.Build.0 = Debug|Any CPU
		{289FE65F-A8CC-47BC-B45A-E698D13F2763}.Debug|x64.ActiveCfg = Debug|Any CPU
		{289FE65F-A8CC-47BC-B45A-E698D13F2763}.Debug|x64.Build.0 = Debug|Any CPU
		{289FE65F-A8CC-47BC-B45A-E698D13F2763}.Debug|x86.ActiveCfg = Debug|Any CPU
		{289FE65F-A8CC-47BC-B45A-E698D13F2763}.Debug|x86.Build.0 = Debug|Any CPU
		{289FE65F-A8CC-47BC-B45A-E698D13F2763}.Release|Any CPU.ActiveCfg = Release|Any CPU
		{289FE65F-A8CC-47BC-B45A-E698D13F2763}.Release|Any CPU.Build.0 = Release|Any CPU
		{289FE65F-A8CC-47BC-B45A-E698D13F2763}.Release|x64.ActiveCfg = Release|Any CPU
		{289FE65F-A8CC-47BC-B45A-E698D13F2763}.Release|x64.Build.0 = Release|Any CPU
		{289FE65F-A8CC-47BC-B45A-E698D13F2763}.Release|x86.ActiveCfg = Release|Any CPU
		{289FE65F-A8CC-47BC-B45A-E698D13F2763}.Release|x86.Build.0 = Release|Any CPU
		{384DF6E4-6114-4F2E-8D9A-86AC3205E4A8}.Debug|Any CPU.ActiveCfg = Debug|Any CPU
		{384DF6E4-6114-4F2E-8D9A-86AC3205E4A8}.Debug|Any CPU.Build.0 = Debug|Any CPU
		{384DF6E4-6114-4F2E-8D9A-86AC3205E4A8}.Debug|x64.ActiveCfg = Debug|Any CPU
		{384DF6E4-6114-4F2E-8D9A-86AC3205E4A8}.Debug|x64.Build.0 = Debug|Any CPU
		{384DF6E4-6114-4F2E-8D9A-86AC3205E4A8}.Debug|x86.ActiveCfg = Debug|Any CPU
		{384DF6E4-6114-4F2E-8D9A-86AC3205E4A8}.Debug|x86.Build.0 = Debug|Any CPU
		{384DF6E4-6114-4F2E-8D9A-86AC3205E4A8}.Release|Any CPU.ActiveCfg = Release|Any CPU
		{384DF6E4-6114-4F2E-8D9A-86AC3205E4A8}.Release|Any CPU.Build.0 = Release|Any CPU
		{384DF6E4-6114-4F2E-8D9A-86AC3205E4A8}.Release|x64.ActiveCfg = Release|Any CPU
		{384DF6E4-6114-4F2E-8D9A-86AC3205E4A8}.Release|x64.Build.0 = Release|Any CPU
		{384DF6E4-6114-4F2E-8D9A-86AC3205E4A8}.Release|x86.ActiveCfg = Release|Any CPU
		{384DF6E4-6114-4F2E-8D9A-86AC3205E4A8}.Release|x86.Build.0 = Release|Any CPU
		{C73656B2-E028-4F87-A513-7DDF486584B9}.Debug|Any CPU.ActiveCfg = Debug|Any CPU
		{C73656B2-E028-4F87-A513-7DDF486584B9}.Debug|Any CPU.Build.0 = Debug|Any CPU
		{C73656B2-E028-4F87-A513-7DDF486584B9}.Debug|x64.ActiveCfg = Debug|Any CPU
		{C73656B2-E028-4F87-A513-7DDF486584B9}.Debug|x64.Build.0 = Debug|Any CPU
		{C73656B2-E028-4F87-A513-7DDF486584B9}.Debug|x86.ActiveCfg = Debug|Any CPU
		{C73656B2-E028-4F87-A513-7DDF486584B9}.Debug|x86.Build.0 = Debug|Any CPU
		{C73656B2-E028-4F87-A513-7DDF486584B9}.Release|Any CPU.ActiveCfg = Release|Any CPU
		{C73656B2-E028-4F87-A513-7DDF486584B9}.Release|Any CPU.Build.0 = Release|Any CPU
		{C73656B2-E028-4F87-A513-7DDF486584B9}.Release|x64.ActiveCfg = Release|Any CPU
		{C73656B2-E028-4F87-A513-7DDF486584B9}.Release|x64.Build.0 = Release|Any CPU
		{C73656B2-E028-4F87-A513-7DDF486584B9}.Release|x86.ActiveCfg = Release|Any CPU
		{C73656B2-E028-4F87-A513-7DDF486584B9}.Release|x86.Build.0 = Release|Any CPU
	EndGlobalSection
	GlobalSection(SolutionProperties) = preSolution
		HideSolutionNode = FALSE
	EndGlobalSection
	GlobalSection(ExtensibilityGlobals) = postSolution
		SolutionGuid = {45C9E978-B7BA-4F9D-8A8B-BD5BD83DB507}
	EndGlobalSection
EndGlobal
